// !$*UTF8*$!
{
	archiveVersion = 1;
	classes = {
	};
	objectVersion = 46;
	objects = {

/* Begin PBXBuildFile section */
		45BD79071C5A734C00492EFF /* AppDelegate.swift in Sources */ = {isa = PBXBuildFile; fileRef = 45BD79061C5A734C00492EFF /* AppDelegate.swift */; };
		45BD79091C5A734C00492EFF /* ViewController.swift in Sources */ = {isa = PBXBuildFile; fileRef = 45BD79081C5A734C00492EFF /* ViewController.swift */; };
		45BD790C1C5A734C00492EFF /* Main.storyboard in Resources */ = {isa = PBXBuildFile; fileRef = 45BD790A1C5A734C00492EFF /* Main.storyboard */; };
		45BD790E1C5A734C00492EFF /* Assets.xcassets in Resources */ = {isa = PBXBuildFile; fileRef = 45BD790D1C5A734C00492EFF /* Assets.xcassets */; };
		45BD79111C5A734C00492EFF /* LaunchScreen.storyboard in Resources */ = {isa = PBXBuildFile; fileRef = 45BD790F1C5A734C00492EFF /* LaunchScreen.storyboard */; };
		45BD792B1C5A73CA00492EFF /* 0.png in Resources */ = {isa = PBXBuildFile; fileRef = 45BD79181C5A73CA00492EFF /* 0.png */; };
		45BD792C1C5A73CA00492EFF /* 1.png in Resources */ = {isa = PBXBuildFile; fileRef = 45BD79191C5A73CA00492EFF /* 1.png */; };
		45BD792D1C5A73CA00492EFF /* 2.png in Resources */ = {isa = PBXBuildFile; fileRef = 45BD791A1C5A73CA00492EFF /* 2.png */; };
		45BD792E1C5A73CA00492EFF /* 3.png in Resources */ = {isa = PBXBuildFile; fileRef = 45BD791B1C5A73CA00492EFF /* 3.png */; };
		45BD792F1C5A73CA00492EFF /* 4.png in Resources */ = {isa = PBXBuildFile; fileRef = 45BD791C1C5A73CA00492EFF /* 4.png */; };
		45BD79301C5A73CA00492EFF /* 5.png in Resources */ = {isa = PBXBuildFile; fileRef = 45BD791D1C5A73CA00492EFF /* 5.png */; };
		45BD79311C5A73CA00492EFF /* 6.png in Resources */ = {isa = PBXBuildFile; fileRef = 45BD791E1C5A73CA00492EFF /* 6.png */; };
		45BD79321C5A73CA00492EFF /* 7.png in Resources */ = {isa = PBXBuildFile; fileRef = 45BD791F1C5A73CA00492EFF /* 7.png */; };
		45BD79331C5A73CA00492EFF /* 8.png in Resources */ = {isa = PBXBuildFile; fileRef = 45BD79201C5A73CA00492EFF /* 8.png */; };
		45BD79341C5A73CA00492EFF /* 9.png in Resources */ = {isa = PBXBuildFile; fileRef = 45BD79211C5A73CA00492EFF /* 9.png */; };
		45BD79351C5A73CA00492EFF /* add.png in Resources */ = {isa = PBXBuildFile; fileRef = 45BD79221C5A73CA00492EFF /* add.png */; };
		45BD79361C5A73CA00492EFF /* backpanel.png in Resources */ = {isa = PBXBuildFile; fileRef = 45BD79231C5A73CA00492EFF /* backpanel.png */; };
		45BD79371C5A73CA00492EFF /* counter.png in Resources */ = {isa = PBXBuildFile; fileRef = 45BD79241C5A73CA00492EFF /* counter.png */; };
		45BD79381C5A73CA00492EFF /* divide.png in Resources */ = {isa = PBXBuildFile; fileRef = 45BD79251C5A73CA00492EFF /* divide.png */; };
		45BD79391C5A73CA00492EFF /* equal.png in Resources */ = {isa = PBXBuildFile; fileRef = 45BD79261C5A73CA00492EFF /* equal.png */; };
		45BD793A1C5A73CA00492EFF /* ground.png in Resources */ = {isa = PBXBuildFile; fileRef = 45BD79271C5A73CA00492EFF /* ground.png */; };
		45BD793B1C5A73CA00492EFF /* multiply.png in Resources */ = {isa = PBXBuildFile; fileRef = 45BD79281C5A73CA00492EFF /* multiply.png */; };
		45BD793C1C5A73CA00492EFF /* space-bg.png in Resources */ = {isa = PBXBuildFile; fileRef = 45BD79291C5A73CA00492EFF /* space-bg.png */; };
		45BD793D1C5A73CA00492EFF /* subtract.png in Resources */ = {isa = PBXBuildFile; fileRef = 45BD792A1C5A73CA00492EFF /* subtract.png */; };
		45BD793F1C5A8FA500492EFF /* Minecraft.ttf in Resources */ = {isa = PBXBuildFile; fileRef = 45BD793E1C5A8FA500492EFF /* Minecraft.ttf */; };
		45BD79411C5A93AD00492EFF /* Ka-Ching.wav in Resources */ = {isa = PBXBuildFile; fileRef = 45BD79401C5A93AD00492EFF /* Ka-Ching.wav */; };
		45BD79431C5AC57800492EFF /* chalkboard.jpg in Resources */ = {isa = PBXBuildFile; fileRef = 45BD79421C5AC57800492EFF /* chalkboard.jpg */; };
/* End PBXBuildFile section */

/* Begin PBXFileReference section */
		45BD79031C5A734C00492EFF /* Calculator.app */ = {isa = PBXFileReference; explicitFileType = wrapper.application; includeInIndex = 0; path = Calculator.app; sourceTree = BUILT_PRODUCTS_DIR; };
		45BD79061C5A734C00492EFF /* AppDelegate.swift */ = {isa = PBXFileReference; lastKnownFileType = sourcecode.swift; path = AppDelegate.swift; sourceTree = "<group>"; };
		45BD79081C5A734C00492EFF /* ViewController.swift */ = {isa = PBXFileReference; lastKnownFileType = sourcecode.swift; path = ViewController.swift; sourceTree = "<group>"; };
		45BD790B1C5A734C00492EFF /* Base */ = {isa = PBXFileReference; lastKnownFileType = file.storyboard; name = Base; path = Base.lproj/Main.storyboard; sourceTree = "<group>"; };
		45BD790D1C5A734C00492EFF /* Assets.xcassets */ = {isa = PBXFileReference; lastKnownFileType = folder.assetcatalog; path = Assets.xcassets; sourceTree = "<group>"; };
		45BD79101C5A734C00492EFF /* Base */ = {isa = PBXFileReference; lastKnownFileType = file.storyboard; name = Base; path = Base.lproj/LaunchScreen.storyboard; sourceTree = "<group>"; };
		45BD79121C5A734D00492EFF /* Info.plist */ = {isa = PBXFileReference; lastKnownFileType = text.plist.xml; path = Info.plist; sourceTree = "<group>"; };
		45BD79181C5A73CA00492EFF /* 0.png */ = {isa = PBXFileReference; lastKnownFileType = image.png; path = 0.png; sourceTree = "<group>"; };
		45BD79191C5A73CA00492EFF /* 1.png */ = {isa = PBXFileReference; lastKnownFileType = image.png; path = 1.png; sourceTree = "<group>"; };
		45BD791A1C5A73CA00492EFF /* 2.png */ = {isa = PBXFileReference; lastKnownFileType = image.png; path = 2.png; sourceTree = "<group>"; };
		45BD791B1C5A73CA00492EFF /* 3.png */ = {isa = PBXFileReference; lastKnownFileType = image.png; path = 3.png; sourceTree = "<group>"; };
		45BD791C1C5A73CA00492EFF /* 4.png */ = {isa = PBXFileReference; lastKnownFileType = image.png; path = 4.png; sourceTree = "<group>"; };
		45BD791D1C5A73CA00492EFF /* 5.png */ = {isa = PBXFileReference; lastKnownFileType = image.png; path = 5.png; sourceTree = "<group>"; };
		45BD791E1C5A73CA00492EFF /* 6.png */ = {isa = PBXFileReference; lastKnownFileType = image.png; path = 6.png; sourceTree = "<group>"; };
		45BD791F1C5A73CA00492EFF /* 7.png */ = {isa = PBXFileReference; lastKnownFileType = image.png; path = 7.png; sourceTree = "<group>"; };
		45BD79201C5A73CA00492EFF /* 8.png */ = {isa = PBXFileReference; lastKnownFileType = image.png; path = 8.png; sourceTree = "<group>"; };
		45BD79211C5A73CA00492EFF /* 9.png */ = {isa = PBXFileReference; lastKnownFileType = image.png; path = 9.png; sourceTree = "<group>"; };
		45BD79221C5A73CA00492EFF /* add.png */ = {isa = PBXFileReference; lastKnownFileType = image.png; path = add.png; sourceTree = "<group>"; };
		45BD79231C5A73CA00492EFF /* backpanel.png */ = {isa = PBXFileReference; lastKnownFileType = image.png; path = backpanel.png; sourceTree = "<group>"; };
		45BD79241C5A73CA00492EFF /* counter.png */ = {isa = PBXFileReference; lastKnownFileType = image.png; path = counter.png; sourceTree = "<group>"; };
		45BD79251C5A73CA00492EFF /* divide.png */ = {isa = PBXFileReference; lastKnownFileType = image.png; path = divide.png; sourceTree = "<group>"; };
		45BD79261C5A73CA00492EFF /* equal.png */ = {isa = PBXFileReference; lastKnownFileType = image.png; path = equal.png; sourceTree = "<group>"; };
		45BD79271C5A73CA00492EFF /* ground.png */ = {isa = PBXFileReference; lastKnownFileType = image.png; path = ground.png; sourceTree = "<group>"; };
		45BD79281C5A73CA00492EFF /* multiply.png */ = {isa = PBXFileReference; lastKnownFileType = image.png; path = multiply.png; sourceTree = "<group>"; };
		45BD79291C5A73CA00492EFF /* space-bg.png */ = {isa = PBXFileReference; lastKnownFileType = image.png; path = "space-bg.png"; sourceTree = "<group>"; };
		45BD792A1C5A73CA00492EFF /* subtract.png */ = {isa = PBXFileReference; lastKnownFileType = image.png; path = subtract.png; sourceTree = "<group>"; };
		45BD793E1C5A8FA500492EFF /* Minecraft.ttf */ = {isa = PBXFileReference; lastKnownFileType = file; path = Minecraft.ttf; sourceTree = "<group>"; };
		45BD79401C5A93AD00492EFF /* Ka-Ching.wav */ = {isa = PBXFileReference; lastKnownFileType = audio.wav; path = "Ka-Ching.wav"; sourceTree = "<group>"; };
		45BD79421C5AC57800492EFF /* chalkboard.jpg */ = {isa = PBXFileReference; lastKnownFileType = image.jpeg; path = chalkboard.jpg; sourceTree = "<group>"; };
/* End PBXFileReference section */

/* Begin PBXFrameworksBuildPhase section */
		45BD79001C5A734C00492EFF /* Frameworks */ = {
			isa = PBXFrameworksBuildPhase;
			buildActionMask = 2147483647;
			files = (
			);
			runOnlyForDeploymentPostprocessing = 0;
		};
/* End PBXFrameworksBuildPhase section */

/* Begin PBXGroup section */
		45BD78FA1C5A734C00492EFF = {
			isa = PBXGroup;
			children = (
				45BD79051C5A734C00492EFF /* Calculator */,
				45BD79041C5A734C00492EFF /* Products */,
			);
			sourceTree = "<group>";
		};
		45BD79041C5A734C00492EFF /* Products */ = {
			isa = PBXGroup;
			children = (
				45BD79031C5A734C00492EFF /* Calculator.app */,
			);
			name = Products;
			sourceTree = "<group>";
		};
		45BD79051C5A734C00492EFF /* Calculator */ = {
			isa = PBXGroup;
			children = (
				45BD79401C5A93AD00492EFF /* Ka-Ching.wav */,
				45BD793E1C5A8FA500492EFF /* Minecraft.ttf */,
				45BD79061C5A734C00492EFF /* AppDelegate.swift */,
				45BD79081C5A734C00492EFF /* ViewController.swift */,
				45BD790A1C5A734C00492EFF /* Main.storyboard */,
				45BD790D1C5A734C00492EFF /* Assets.xcassets */,
				45BD79421C5AC57800492EFF /* chalkboard.jpg */,
				45BD79181C5A73CA00492EFF /* 0.png */,
				45BD79191C5A73CA00492EFF /* 1.png */,
				45BD791A1C5A73CA00492EFF /* 2.png */,
				45BD791B1C5A73CA00492EFF /* 3.png */,
				45BD791C1C5A73CA00492EFF /* 4.png */,
				45BD791D1C5A73CA00492EFF /* 5.png */,
				45BD791E1C5A73CA00492EFF /* 6.png */,
				45BD791F1C5A73CA00492EFF /* 7.png */,
				45BD79201C5A73CA00492EFF /* 8.png */,
				45BD79211C5A73CA00492EFF /* 9.png */,
				45BD79221C5A73CA00492EFF /* add.png */,
				45BD79231C5A73CA00492EFF /* backpanel.png */,
				45BD79241C5A73CA00492EFF /* counter.png */,
				45BD79251C5A73CA00492EFF /* divide.png */,
				45BD79261C5A73CA00492EFF /* equal.png */,
				45BD79271C5A73CA00492EFF /* ground.png */,
				45BD79281C5A73CA00492EFF /* multiply.png */,
				45BD79291C5A73CA00492EFF /* space-bg.png */,
				45BD792A1C5A73CA00492EFF /* subtract.png */,
				45BD790F1C5A734C00492EFF /* LaunchScreen.storyboard */,
				45BD79121C5A734D00492EFF /* Info.plist */,
			);
			path = Calculator;
			sourceTree = "<group>";
		};
/* End PBXGroup section */

/* Begin PBXNativeTarget section */
		45BD79021C5A734C00492EFF /* Calculator */ = {
			isa = PBXNativeTarget;
			buildConfigurationList = 45BD79151C5A734D00492EFF /* Build configuration list for PBXNativeTarget "Calculator" */;
			buildPhases = (
				45BD78FF1C5A734C00492EFF /* Sources */,
				45BD79001C5A734C00492EFF /* Frameworks */,
				45BD79011C5A734C00492EFF /* Resources */,
			);
			buildRules = (
			);
			dependencies = (
			);
			name = Calculator;
			productName = Calculator;
			productReference = 45BD79031C5A734C00492EFF /* Calculator.app */;
			productType = "com.apple.product-type.application";
		};
/* End PBXNativeTarget section */

/* Begin PBXProject section */
		45BD78FB1C5A734C00492EFF /* Project object */ = {
			isa = PBXProject;
			attributes = {
				LastSwiftUpdateCheck = 0720;
				LastUpgradeCheck = 0720;
				ORGANIZATIONNAME = Quakly;
				TargetAttributes = {
					45BD79021C5A734C00492EFF = {
						CreatedOnToolsVersion = 7.2;
					};
				};
			};
			buildConfigurationList = 45BD78FE1C5A734C00492EFF /* Build configuration list for PBXProject "Calculator" */;
			compatibilityVersion = "Xcode 3.2";
			developmentRegion = English;
			hasScannedForEncodings = 0;
			knownRegions = (
				en,
				Base,
			);
			mainGroup = 45BD78FA1C5A734C00492EFF;
			productRefGroup = 45BD79041C5A734C00492EFF /* Products */;
			projectDirPath = "";
			projectRoot = "";
			targets = (
				45BD79021C5A734C00492EFF /* Calculator */,
			);
		};
/* End PBXProject section */

/* Begin PBXResourcesBuildPhase section */
		45BD79011C5A734C00492EFF /* Resources */ = {
			isa = PBXResourcesBuildPhase;
			buildActionMask = 2147483647;
			files = (
				45BD793C1C5A73CA00492EFF /* space-bg.png in Resources */,
				45BD79331C5A73CA00492EFF /* 8.png in Resources */,
				45BD79411C5A93AD00492EFF /* Ka-Ching.wav in Resources */,
				45BD793F1C5A8FA500492EFF /* Minecraft.ttf in Resources */,
				45BD79321C5A73CA00492EFF /* 7.png in Resources */,
				45BD79381C5A73CA00492EFF /* divide.png in Resources */,
				45BD792D1C5A73CA00492EFF /* 2.png in Resources */,
				45BD792B1C5A73CA00492EFF /* 0.png in Resources */,
				45BD79341C5A73CA00492EFF /* 9.png in Resources */,
				45BD79111C5A734C00492EFF /* LaunchScreen.storyboard in Resources */,
				45BD793B1C5A73CA00492EFF /* multiply.png in Resources */,
				45BD793D1C5A73CA00492EFF /* subtract.png in Resources */,
				45BD790E1C5A734C00492EFF /* Assets.xcassets in Resources */,
				45BD79351C5A73CA00492EFF /* add.png in Resources */,
				45BD79311C5A73CA00492EFF /* 6.png in Resources */,
				45BD79431C5AC57800492EFF /* chalkboard.jpg in Resources */,
				45BD793A1C5A73CA00492EFF /* ground.png in Resources */,
				45BD79361C5A73CA00492EFF /* backpanel.png in Resources */,
				45BD792F1C5A73CA00492EFF /* 4.png in Resources */,
				45BD790C1C5A734C00492EFF /* Main.storyboard in Resources */,
				45BD79301C5A73CA00492EFF /* 5.png in Resources */,
				45BD79391C5A73CA00492EFF /* equal.png in Resources */,
				45BD792E1C5A73CA00492EFF /* 3.png in Resources */,
				45BD79371C5A73CA00492EFF /* counter.png in Resources */,
				45BD792C1C5A73CA00492EFF /* 1.png in Resources */,
			);
			runOnlyForDeploymentPostprocessing = 0;
		};
/* End PBXResourcesBuildPhase section */

/* Begin PBXSourcesBuildPhase section */
		45BD78FF1C5A734C00492EFF /* Sources */ = {
			isa = PBXSourcesBuildPhase;
			buildActionMask = 2147483647;
			files = (
				45BD79091C5A734C00492EFF /* ViewController.swift in Sources */,
				45BD79071C5A734C00492EFF /* AppDelegate.swift in Sources */,
			);
			runOnlyForDeploymentPostprocessing = 0;
		};
/* End PBXSourcesBuildPhase section */

/* Begin PBXVariantGroup section */
		45BD790A1C5A734C00492EFF /* Main.storyboard */ = {
			isa = PBXVariantGroup;
			children = (
				45BD790B1C5A734C00492EFF /* Base */,
			);
			name = Main.storyboard;
			sourceTree = "<group>";
		};
		45BD790F1C5A734C00492EFF /* LaunchScreen.storyboard */ = {
			isa = PBXVariantGroup;
			children = (
				45BD79101C5A734C00492EFF /* Base */,
			);
			name = LaunchScreen.storyboard;
			sourceTree = "<group>";
		};
/* End PBXVariantGroup section */

/* Begin XCBuildConfiguration section */
		45BD79131C5A734D00492EFF /* Debug */ = {
			isa = XCBuildConfiguration;
			buildSettings = {
				ALWAYS_SEARCH_USER_PATHS = NO;
				CLANG_CXX_LANGUAGE_STANDARD = "gnu++0x";
				CLANG_CXX_LIBRARY = "libc++";
				CLANG_ENABLE_MODULES = YES;
				CLANG_ENABLE_OBJC_ARC = YES;
				CLANG_WARN_BOOL_CONVERSION = YES;
				CLANG_WARN_CONSTANT_CONVERSION = YES;
				CLANG_WARN_DIRECT_OBJC_ISA_USAGE = YES_ERROR;
				CLANG_WARN_EMPTY_BODY = YES;
				CLANG_WARN_ENUM_CONVERSION = YES;
				CLANG_WARN_INT_CONVERSION = YES;
				CLANG_WARN_OBJC_ROOT_CLASS = YES_ERROR;
				CLANG_WARN_UNREACHABLE_CODE = YES;
				CLANG_WARN__DUPLICATE_METHOD_MATCH = YES;
				"CODE_SIGN_IDENTITY[sdk=iphoneos*]" = "iPhone Developer";
				COPY_PHASE_STRIP = NO;
				DEBUG_INFORMATION_FORMAT = dwarf;
				ENABLE_STRICT_OBJC_MSGSEND = YES;
				ENABLE_TESTABILITY = YES;
				GCC_C_LANGUAGE_STANDARD = gnu99;
				GCC_DYNAMIC_NO_PIC = NO;
				GCC_NO_COMMON_BLOCKS = YES;
				GCC_OPTIMIZATION_LEVEL = 0;
				GCC_PREPROCESSOR_DEFINITIONS = (
					"DEBUG=1",
					"$(inherited)",
				);
				GCC_WARN_64_TO_32_BIT_CONVERSION = YES;
				GCC_WARN_ABOUT_RETURN_TYPE = YES_ERROR;
				GCC_WARN_UNDECLARED_SELECTOR = YES;
				GCC_WARN_UNINITIALIZED_AUTOS = YES_AGGRESSIVE;
				GCC_WARN_UNUSED_FUNCTION = YES;
				GCC_WARN_UNUSED_VARIABLE = YES;
				IPHONEOS_DEPLOYMENT_TARGET = 9.2;
				MTL_ENABLE_DEBUG_INFO = YES;
				ONLY_ACTIVE_ARCH = YES;
				SDKROOT = iphoneos;
				SWIFT_OPTIMIZATION_LEVEL = "-Onone";
			};
			name = Debug;
		};
		45BD79141C5A734D00492EFF /* Release */ = {
			isa = XCBuildConfiguration;
			buildSettings = {
				ALWAYS_SEARCH_USER_PATHS = NO;
				CLANG_CXX_LANGUAGE_STANDARD = "gnu++0x";
				CLANG_CXX_LIBRARY = "libc++";
				CLANG_ENABLE_MODULES = YES;
				CLANG_ENABLE_OBJC_ARC = YES;
				CLANG_WARN_BOOL_CONVERSION = YES;
				CLANG_WARN_CONSTANT_CONVERSION = YES;
				CLANG_WARN_DIRECT_OBJC_ISA_USAGE = YES_ERROR;
				CLANG_WARN_EMPTY_BODY = YES;
				CLANG_WARN_ENUM_CONVERSION = YES;
				CLANG_WARN_INT_CONVERSION = YES;
				CLANG_WARN_OBJC_ROOT_CLASS = YES_ERROR;
				CLANG_WARN_UNREACHABLE_CODE = YES;
				CLANG_WARN__DUPLICATE_METHOD_MATCH = YES;
				"CODE_SIGN_IDENTITY[sdk=iphoneos*]" = "iPhone Developer";
				COPY_PHASE_STRIP = NO;
				DEBUG_INFORMATION_FORMAT = "dwarf-with-dsym";
				ENABLE_NS_ASSERTIONS = NO;
				ENABLE_STRICT_OBJC_MSGSEND = YES;
				GCC_C_LANGUAGE_STANDARD = gnu99;
				GCC_NO_COMMON_BLOCKS = YES;
				GCC_WARN_64_TO_32_BIT_CONVERSION = YES;
				GCC_WARN_ABOUT_RETURN_TYPE = YES_ERROR;
				GCC_WARN_UNDECLARED_SELECTOR = YES;
				GCC_WARN_UNINITIALIZED_AUTOS = YES_AGGRESSIVE;
				GCC_WARN_UNUSED_FUNCTION = YES;
				GCC_WARN_UNUSED_VARIABLE = YES;
				IPHONEOS_DEPLOYMENT_TARGET = 9.2;
				MTL_ENABLE_DEBUG_INFO = NO;
				SDKROOT = iphoneos;
				VALIDATE_PRODUCT = YES;
			};
			name = Release;
		};
		45BD79161C5A734D00492EFF /* Debug */ = {
			isa = XCBuildConfiguration;
			buildSettings = {
				ASSETCATALOG_COMPILER_APPICON_NAME = AppIcon;
				INFOPLIST_FILE = Calculator/Info.plist;
				LD_RUNPATH_SEARCH_PATHS = "$(inherited) @executable_path/Frameworks";
				PRODUCT_BUNDLE_IDENTIFIER = com.Quakly.Calculator;
				PRODUCT_NAME = "$(TARGET_NAME)";
			};
			name = Debug;
		};
		45BD79171C5A734D00492EFF /* Release */ = {
			isa = XCBuildConfiguration;
			buildSettings = {
				ASSETCATALOG_COMPILER_APPICON_NAME = AppIcon;
				INFOPLIST_FILE = Calculator/Info.plist;
				LD_RUNPATH_SEARCH_PATHS = "$(inherited) @executable_path/Frameworks";
				PRODUCT_BUNDLE_IDENTIFIER = com.Quakly.Calculator;
				PRODUCT_NAME = "$(TARGET_NAME)";
			};
			name = Release;
		};
/* End XCBuildConfiguration section */

/* Begin XCConfigurationList section */
		45BD78FE1C5A734C00492EFF /* Build configuration list for PBXProject "Calculator" */ = {
			isa = XCConfigurationList;
			buildConfigurations = (
				45BD79131C5A734D00492EFF /* Debug */,
				45BD79141C5A734D00492EFF /* Release */,
			);
			defaultConfigurationIsVisible = 0;
			defaultConfigurationName = Release;
		};
		45BD79151C5A734D00492EFF /* Build configuration list for PBXNativeTarget "Calculator" */ = {
			isa = XCConfigurationList;
			buildConfigurations = (
				45BD79161C5A734D00492EFF /* Debug */,
				45BD79171C5A734D00492EFF /* Release */,
			);
			defaultConfigurationIsVisible = 0;
			defaultConfigurationName = Release;
		};
/* End XCConfigurationList section */
	};
	rootObject = 45BD78FB1C5A734C00492EFF /* Project object */;
}
